// !$*UTF8*$!
{
	archiveVersion = 1;
	classes = {
	};
	objectVersion = 48;
	objects = {

/* Begin PBXBuildFile section */
		CB1E4520242751C2000B25AB /* AppDelegate.swift in Sources */ = {isa = PBXBuildFile; fileRef = CB1E451F242751C2000B25AB /* AppDelegate.swift */; };
		CB1E4522242751C2000B25AB /* SceneDelegate.swift in Sources */ = {isa = PBXBuildFile; fileRef = CB1E4521242751C2000B25AB /* SceneDelegate.swift */; };
		CB1E4527242751C2000B25AB /* Main.storyboard in Resources */ = {isa = PBXBuildFile; fileRef = CB1E4525242751C2000B25AB /* Main.storyboard */; };
		CB1E4529242751C3000B25AB /* Assets.xcassets in Resources */ = {isa = PBXBuildFile; fileRef = CB1E4528242751C3000B25AB /* Assets.xcassets */; };
		CB1E452C242751C3000B25AB /* LaunchScreen.storyboard in Resources */ = {isa = PBXBuildFile; fileRef = CB1E452A242751C3000B25AB /* LaunchScreen.storyboard */; };
		CB6D62862427705400ACE46E /* Play.storyboard in Resources */ = {isa = PBXBuildFile; fileRef = CB6D62852427705400ACE46E /* Play.storyboard */; };
		CB6D628B2427708400ACE46E /* Community.storyboard in Resources */ = {isa = PBXBuildFile; fileRef = CB6D628A2427708400ACE46E /* Community.storyboard */; };
		CB6D62902427724000ACE46E /* MainViewController.swift in Sources */ = {isa = PBXBuildFile; fileRef = CB6D628F2427724000ACE46E /* MainViewController.swift */; };
		CB6D62A4242776B500ACE46E /* Commend.storyboard in Resources */ = {isa = PBXBuildFile; fileRef = CB6D62A3242776B500ACE46E /* Commend.storyboard */; };
		CB6D62A62427770300ACE46E /* Follow.storyboard in Resources */ = {isa = PBXBuildFile; fileRef = CB6D62A52427770300ACE46E /* Follow.storyboard */; };
		CB6D62A82427773100ACE46E /* Discover.storyboard in Resources */ = {isa = PBXBuildFile; fileRef = CB6D62A72427773100ACE46E /* Discover.storyboard */; };
		CB6D62AA2427776800ACE46E /* CommendVC.swift in Sources */ = {isa = PBXBuildFile; fileRef = CB6D62A92427776800ACE46E /* CommendVC.swift */; };
		CB6D62AD242780A100ACE46E /* UIBarButton-Extension.swift in Sources */ = {isa = PBXBuildFile; fileRef = CB6D62AC242780A100ACE46E /* UIBarButton-Extension.swift */; };
/* End PBXBuildFile section */

/* Begin PBXFileReference section */
		CB1E451C242751C2000B25AB /* WYDouYuZB.app */ = {isa = PBXFileReference; explicitFileType = wrapper.application; includeInIndex = 0; path = WYDouYuZB.app; sourceTree = BUILT_PRODUCTS_DIR; };
		CB1E451F242751C2000B25AB /* AppDelegate.swift */ = {isa = PBXFileReference; lastKnownFileType = sourcecode.swift; path = AppDelegate.swift; sourceTree = "<group>"; };
		CB1E4521242751C2000B25AB /* SceneDelegate.swift */ = {isa = PBXFileReference; lastKnownFileType = sourcecode.swift; path = SceneDelegate.swift; sourceTree = "<group>"; };
		CB1E4526242751C2000B25AB /* Base */ = {isa = PBXFileReference; lastKnownFileType = file.storyboard; name = Base; path = Base.lproj/Main.storyboard; sourceTree = "<group>"; };
		CB1E4528242751C3000B25AB /* Assets.xcassets */ = {isa = PBXFileReference; lastKnownFileType = folder.assetcatalog; path = Assets.xcassets; sourceTree = "<group>"; };
		CB1E452B242751C3000B25AB /* Base */ = {isa = PBXFileReference; lastKnownFileType = file.storyboard; name = Base; path = Base.lproj/LaunchScreen.storyboard; sourceTree = "<group>"; };
		CB1E452D242751C3000B25AB /* Info.plist */ = {isa = PBXFileReference; lastKnownFileType = text.plist.xml; path = Info.plist; sourceTree = "<group>"; };
		CB6D62852427705400ACE46E /* Play.storyboard */ = {isa = PBXFileReference; fileEncoding = 4; lastKnownFileType = file.storyboard; name = Play.storyboard; path = ../Play.storyboard; sourceTree = "<group>"; };
		CB6D628A2427708400ACE46E /* Community.storyboard */ = {isa = PBXFileReference; fileEncoding = 4; lastKnownFileType = file.storyboard; name = Community.storyboard; path = ../Community.storyboard; sourceTree = "<group>"; };
		CB6D628F2427724000ACE46E /* MainViewController.swift */ = {isa = PBXFileReference; lastKnownFileType = sourcecode.swift; path = MainViewController.swift; sourceTree = "<group>"; };
		CB6D62A3242776B500ACE46E /* Commend.storyboard */ = {isa = PBXFileReference; fileEncoding = 4; lastKnownFileType = file.storyboard; name = Commend.storyboard; path = "WYDouYuZB/Class/Commend(推荐)/Commend.storyboard"; sourceTree = SOURCE_ROOT; };
		CB6D62A52427770300ACE46E /* Follow.storyboard */ = {isa = PBXFileReference; fileEncoding = 4; lastKnownFileType = file.storyboard; name = Follow.storyboard; path = "WYDouYuZB/Class/Follow(关注)/Follow.storyboard"; sourceTree = SOURCE_ROOT; };
		CB6D62A72427773100ACE46E /* Discover.storyboard */ = {isa = PBXFileReference; fileEncoding = 4; lastKnownFileType = file.storyboard; name = Discover.storyboard; path = "WYDouYuZB/Class/Discover(发现)/Discover.storyboard"; sourceTree = SOURCE_ROOT; };
		CB6D62A92427776800ACE46E /* CommendVC.swift */ = {isa = PBXFileReference; lastKnownFileType = sourcecode.swift; path = CommendVC.swift; sourceTree = "<group>"; };
		CB6D62AC242780A100ACE46E /* UIBarButton-Extension.swift */ = {isa = PBXFileReference; lastKnownFileType = sourcecode.swift; path = "UIBarButton-Extension.swift"; sourceTree = "<group>"; };
/* End PBXFileReference section */

/* Begin PBXFrameworksBuildPhase section */
		CB1E4519242751C2000B25AB /* Frameworks */ = {
			isa = PBXFrameworksBuildPhase;
			buildActionMask = 2147483647;
			files = (
			);
			runOnlyForDeploymentPostprocessing = 0;
		};
/* End PBXFrameworksBuildPhase section */

/* Begin PBXGroup section */
		CB1E4513242751C2000B25AB = {
			isa = PBXGroup;
			children = (
				CB1E451E242751C2000B25AB /* WYDouYuZB */,
				CB1E451D242751C2000B25AB /* Products */,
			);
			sourceTree = "<group>";
		};
		CB1E451D242751C2000B25AB /* Products */ = {
			isa = PBXGroup;
			children = (
				CB1E451C242751C2000B25AB /* WYDouYuZB.app */,
			);
			name = Products;
			sourceTree = "<group>";
		};
		CB1E451E242751C2000B25AB /* WYDouYuZB */ = {
			isa = PBXGroup;
			children = (
				CB1E453324276786000B25AB /* Class */,
				CB1E451F242751C2000B25AB /* AppDelegate.swift */,
				CB1E4521242751C2000B25AB /* SceneDelegate.swift */,
				CB1E4528242751C3000B25AB /* Assets.xcassets */,
				CB1E452A242751C3000B25AB /* LaunchScreen.storyboard */,
				CB1E452D242751C3000B25AB /* Info.plist */,
			);
			path = WYDouYuZB;
			sourceTree = "<group>";
		};
		CB1E453324276786000B25AB /* Class */ = {
			isa = PBXGroup;
			children = (
				CB1E453624276786000B25AB /* Tools */,
				CB1E453A24276786000B25AB /* Main */,
				CB1E453824276786000B25AB /* Commend(推荐) */,
				CB1E453724276786000B25AB /* Play(娱乐) */,
				CB1E453424276786000B25AB /* Follow(关注) */,
				CB1E453524276786000B25AB /* Community(鱼吧) */,
				CB1E453924276786000B25AB /* Discover(发现) */,
			);
			path = Class;
			sourceTree = "<group>";
		};
		CB1E453424276786000B25AB /* Follow(关注) */ = {
			isa = PBXGroup;
			children = (
				CB6D629A2427757700ACE46E /* Controller */,
				CB6D629B2427757700ACE46E /* Model */,
				CB6D629C2427757700ACE46E /* View */,
			);
			path = "Follow(关注)";
			sourceTree = "<group>";
		};
		CB1E453524276786000B25AB /* Community(鱼吧) */ = {
			isa = PBXGroup;
			children = (
				CB6D62952427756300ACE46E /* Controller */,
				CB6D62962427756300ACE46E /* Model */,
				CB6D62942427756300ACE46E /* View */,
			);
			path = "Community(鱼吧)";
			sourceTree = "<group>";
		};
		CB1E453624276786000B25AB /* Tools */ = {
			isa = PBXGroup;
			children = (
				CB6D62AB2427804900ACE46E /* Extension */,
			);
			path = Tools;
			sourceTree = "<group>";
		};
		CB1E453724276786000B25AB /* Play(娱乐) */ = {
			isa = PBXGroup;
			children = (
				CB6D629D2427759700ACE46E /* Controller */,
				CB6D629E2427759700ACE46E /* Model */,
				CB6D629F2427759700ACE46E /* View */,
			);
			path = "Play(娱乐)";
			sourceTree = "<group>";
		};
		CB1E453824276786000B25AB /* Commend(推荐) */ = {
			isa = PBXGroup;
			children = (
				CB6D62912427755700ACE46E /* Controller */,
				CB6D62932427755700ACE46E /* Model */,
				CB6D62922427755700ACE46E /* View */,
			);
			path = "Commend(推荐)";
			sourceTree = "<group>";
		};
		CB1E453924276786000B25AB /* Discover(发现) */ = {
			isa = PBXGroup;
			children = (
				CB6D62982427756C00ACE46E /* Controller */,
				CB6D62972427756C00ACE46E /* Model */,
				CB6D62992427756C00ACE46E /* View */,
			);
			path = "Discover(发现)";
			sourceTree = "<group>";
		};
		CB1E453A24276786000B25AB /* Main */ = {
			isa = PBXGroup;
			children = (
				CB6D62A0242775B300ACE46E /* Controller */,
				CB6D62A2242775B300ACE46E /* Model */,
				CB6D62A1242775B300ACE46E /* View */,
			);
			path = Main;
			sourceTree = "<group>";
		};
		CB6D62912427755700ACE46E /* Controller */ = {
			isa = PBXGroup;
			children = (
				CB6D62A3242776B500ACE46E /* Commend.storyboard */,
				CB6D62A92427776800ACE46E /* CommendVC.swift */,
			);
			path = Controller;
			sourceTree = "<group>";
		};
		CB6D62922427755700ACE46E /* View */ = {
			isa = PBXGroup;
			children = (
			);
			path = View;
			sourceTree = "<group>";
		};
		CB6D62932427755700ACE46E /* Model */ = {
			isa = PBXGroup;
			children = (
			);
			path = Model;
			sourceTree = "<group>";
		};
		CB6D62942427756300ACE46E /* View */ = {
			isa = PBXGroup;
			children = (
			);
			path = View;
			sourceTree = "<group>";
		};
		CB6D62952427756300ACE46E /* Controller */ = {
			isa = PBXGroup;
			children = (
				CB6D628A2427708400ACE46E /* Community.storyboard */,
			);
			path = Controller;
			sourceTree = "<group>";
		};
		CB6D62962427756300ACE46E /* Model */ = {
			isa = PBXGroup;
			children = (
			);
			path = Model;
			sourceTree = "<group>";
		};
		CB6D62972427756C00ACE46E /* Model */ = {
			isa = PBXGroup;
			children = (
			);
			path = Model;
			sourceTree = "<group>";
		};
		CB6D62982427756C00ACE46E /* Controller */ = {
			isa = PBXGroup;
			children = (
				CB6D62A72427773100ACE46E /* Discover.storyboard */,
			);
			path = Controller;
			sourceTree = "<group>";
		};
		CB6D62992427756C00ACE46E /* View */ = {
			isa = PBXGroup;
			children = (
			);
			path = View;
			sourceTree = "<group>";
		};
		CB6D629A2427757700ACE46E /* Controller */ = {
			isa = PBXGroup;
			children = (
				CB6D62A52427770300ACE46E /* Follow.storyboard */,
			);
			path = Controller;
			sourceTree = "<group>";
		};
		CB6D629B2427757700ACE46E /* Model */ = {
			isa = PBXGroup;
			children = (
			);
			path = Model;
			sourceTree = "<group>";
		};
		CB6D629C2427757700ACE46E /* View */ = {
			isa = PBXGroup;
			children = (
			);
			path = View;
			sourceTree = "<group>";
		};
		CB6D629D2427759700ACE46E /* Controller */ = {
			isa = PBXGroup;
			children = (
				CB6D62852427705400ACE46E /* Play.storyboard */,
			);
			path = Controller;
			sourceTree = "<group>";
		};
		CB6D629E2427759700ACE46E /* Model */ = {
			isa = PBXGroup;
			children = (
			);
			path = Model;
			sourceTree = "<group>";
		};
		CB6D629F2427759700ACE46E /* View */ = {
			isa = PBXGroup;
			children = (
			);
			path = View;
			sourceTree = "<group>";
		};
		CB6D62A0242775B300ACE46E /* Controller */ = {
			isa = PBXGroup;
			children = (
				CB1E4525242751C2000B25AB /* Main.storyboard */,
				CB6D628F2427724000ACE46E /* MainViewController.swift */,
			);
			path = Controller;
			sourceTree = "<group>";
		};
		CB6D62A1242775B300ACE46E /* View */ = {
			isa = PBXGroup;
			children = (
			);
			path = View;
			sourceTree = "<group>";
		};
		CB6D62A2242775B300ACE46E /* Model */ = {
			isa = PBXGroup;
			children = (
			);
			path = Model;
			sourceTree = "<group>";
		};
		CB6D62AB2427804900ACE46E /* Extension */ = {
			isa = PBXGroup;
			children = (
				CB6D62AC242780A100ACE46E /* UIBarButton-Extension.swift */,
			);
			path = Extension;
			sourceTree = "<group>";
		};
/* End PBXGroup section */

/* Begin PBXNativeTarget section */
		CB1E451B242751C2000B25AB /* WYDouYuZB */ = {
			isa = PBXNativeTarget;
			buildConfigurationList = CB1E4530242751C3000B25AB /* Build configuration list for PBXNativeTarget "WYDouYuZB" */;
			buildPhases = (
				CB1E4518242751C2000B25AB /* Sources */,
				CB1E4519242751C2000B25AB /* Frameworks */,
				CB1E451A242751C2000B25AB /* Resources */,
			);
			buildRules = (
			);
			dependencies = (
			);
			name = WYDouYuZB;
			productName = WYDouYuZB;
			productReference = CB1E451C242751C2000B25AB /* WYDouYuZB.app */;
			productType = "com.apple.product-type.application";
		};
/* End PBXNativeTarget section */

/* Begin PBXProject section */
		CB1E4514242751C2000B25AB /* Project object */ = {
			isa = PBXProject;
			attributes = {
				LastSwiftUpdateCheck = 1130;
				LastUpgradeCheck = 1130;
				ORGANIZATIONNAME = "王云";
				TargetAttributes = {
					CB1E451B242751C2000B25AB = {
						CreatedOnToolsVersion = 11.3;
						ProvisioningStyle = Automatic;
					};
				};
			};
			buildConfigurationList = CB1E4517242751C2000B25AB /* Build configuration list for PBXProject "WYDouYuZB" */;
			compatibilityVersion = "Xcode 8.0";
			developmentRegion = en;
			hasScannedForEncodings = 0;
			knownRegions = (
				en,
				Base,
			);
			mainGroup = CB1E4513242751C2000B25AB;
			productRefGroup = CB1E451D242751C2000B25AB /* Products */;
			projectDirPath = "";
			projectRoot = "";
			targets = (
				CB1E451B242751C2000B25AB /* WYDouYuZB */,
			);
		};
/* End PBXProject section */

/* Begin PBXResourcesBuildPhase section */
		CB1E451A242751C2000B25AB /* Resources */ = {
			isa = PBXResourcesBuildPhase;
			buildActionMask = 2147483647;
			files = (
				CB1E452C242751C3000B25AB /* LaunchScreen.storyboard in Resources */,
				CB1E4529242751C3000B25AB /* Assets.xcassets in Resources */,
				CB1E4527242751C2000B25AB /* Main.storyboard in Resources */,
				CB6D62862427705400ACE46E /* Play.storyboard in Resources */,
				CB6D628B2427708400ACE46E /* Community.storyboard in Resources */,
				CB6D62A4242776B500ACE46E /* Commend.storyboard in Resources */,
				CB6D62A62427770300ACE46E /* Follow.storyboard in Resources */,
				CB6D62A82427773100ACE46E /* Discover.storyboard in Resources */,
			);
			runOnlyForDeploymentPostprocessing = 0;
		};
/* End PBXResourcesBuildPhase section */

/* Begin PBXSourcesBuildPhase section */
		CB1E4518242751C2000B25AB /* Sources */ = {
			isa = PBXSourcesBuildPhase;
			buildActionMask = 2147483647;
			files = (
				CB6D62902427724000ACE46E /* MainViewController.swift in Sources */,
				CB1E4520242751C2000B25AB /* AppDelegate.swift in Sources */,
				CB6D62AA2427776800ACE46E /* CommendVC.swift in Sources */,
				CB6D62AD242780A100ACE46E /* UIBarButton-Extension.swift in Sources */,
				CB1E4522242751C2000B25AB /* SceneDelegate.swift in Sources */,
			);
			runOnlyForDeploymentPostprocessing = 0;
		};
/* End PBXSourcesBuildPhase section */

/* Begin PBXVariantGroup section */
		CB1E4525242751C2000B25AB /* Main.storyboard */ = {
			isa = PBXVariantGroup;
			children = (
				CB1E4526242751C2000B25AB /* Base */,
			);
			name = Main.storyboard;
			sourceTree = "<group>";
		};
		CB1E452A242751C3000B25AB /* LaunchScreen.storyboard */ = {
			isa = PBXVariantGroup;
			children = (
				CB1E452B242751C3000B25AB /* Base */,
			);
			name = LaunchScreen.storyboard;
			sourceTree = "<group>";
		};
/* End PBXVariantGroup section */

/* Begin XCBuildConfiguration section */
		CB1E452E242751C3000B25AB /* Debug */ = {
			isa = XCBuildConfiguration;
			buildSettings = {
				ALWAYS_SEARCH_USER_PATHS = NO;
				CLANG_ANALYZER_NONNULL = YES;
				CLANG_ANALYZER_NUMBER_OBJECT_CONVERSION = YES_AGGRESSIVE;
				CLANG_CXX_LANGUAGE_STANDARD = "gnu++14";
				CLANG_CXX_LIBRARY = "libc++";
				CLANG_ENABLE_MODULES = YES;
				CLANG_ENABLE_OBJC_ARC = YES;
				CLANG_ENABLE_OBJC_WEAK = YES;
				CLANG_WARN_BLOCK_CAPTURE_AUTORELEASING = YES;
				CLANG_WARN_BOOL_CONVERSION = YES;
				CLANG_WARN_COMMA = YES;
				CLANG_WARN_CONSTANT_CONVERSION = YES;
				CLANG_WARN_DEPRECATED_OBJC_IMPLEMENTATIONS = YES;
				CLANG_WARN_DIRECT_OBJC_ISA_USAGE = YES_ERROR;
				CLANG_WARN_DOCUMENTATION_COMMENTS = YES;
				CLANG_WARN_EMPTY_BODY = YES;
				CLANG_WARN_ENUM_CONVERSION = YES;
				CLANG_WARN_INFINITE_RECURSION = YES;
				CLANG_WARN_INT_CONVERSION = YES;
				CLANG_WARN_NON_LITERAL_NULL_CONVERSION = YES;
				CLANG_WARN_OBJC_IMPLICIT_RETAIN_SELF = YES;
				CLANG_WARN_OBJC_LITERAL_CONVERSION = YES;
				CLANG_WARN_OBJC_ROOT_CLASS = YES_ERROR;
				CLANG_WARN_RANGE_LOOP_ANALYSIS = YES;
				CLANG_WARN_STRICT_PROTOTYPES = YES;
				CLANG_WARN_SUSPICIOUS_MOVE = YES;
				CLANG_WARN_UNGUARDED_AVAILABILITY = YES_AGGRESSIVE;
				CLANG_WARN_UNREACHABLE_CODE = YES;
				CLANG_WARN__DUPLICATE_METHOD_MATCH = YES;
				COPY_PHASE_STRIP = NO;
				DEBUG_INFORMATION_FORMAT = dwarf;
				ENABLE_STRICT_OBJC_MSGSEND = YES;
				ENABLE_TESTABILITY = YES;
				GCC_C_LANGUAGE_STANDARD = gnu11;
				GCC_DYNAMIC_NO_PIC = NO;
				GCC_NO_COMMON_BLOCKS = YES;
				GCC_OPTIMIZATION_LEVEL = 0;
				GCC_PREPROCESSOR_DEFINITIONS = (
					"DEBUG=1",
					"$(inherited)",
				);
				GCC_WARN_64_TO_32_BIT_CONVERSION = YES;
				GCC_WARN_ABOUT_RETURN_TYPE = YES_ERROR;
				GCC_WARN_UNDECLARED_SELECTOR = YES;
				GCC_WARN_UNINITIALIZED_AUTOS = YES_AGGRESSIVE;
				GCC_WARN_UNUSED_FUNCTION = YES;
				GCC_WARN_UNUSED_VARIABLE = YES;
				IPHONEOS_DEPLOYMENT_TARGET = 13.2;
				MTL_ENABLE_DEBUG_INFO = INCLUDE_SOURCE;
				MTL_FAST_MATH = YES;
				ONLY_ACTIVE_ARCH = YES;
				SDKROOT = iphoneos;
				SWIFT_ACTIVE_COMPILATION_CONDITIONS = DEBUG;
				SWIFT_OPTIMIZATION_LEVEL = "-Onone";
			};
			name = Debug;
		};
		CB1E452F242751C3000B25AB /* Release */ = {
			isa = XCBuildConfiguration;
			buildSettings = {
				ALWAYS_SEARCH_USER_PATHS = NO;
				CLANG_ANALYZER_NONNULL = YES;
				CLANG_ANALYZER_NUMBER_OBJECT_CONVERSION = YES_AGGRESSIVE;
				CLANG_CXX_LANGUAGE_STANDARD = "gnu++14";
				CLANG_CXX_LIBRARY = "libc++";
				CLANG_ENABLE_MODULES = YES;
				CLANG_ENABLE_OBJC_ARC = YES;
				CLANG_ENABLE_OBJC_WEAK = YES;
				CLANG_WARN_BLOCK_CAPTURE_AUTORELEASING = YES;
				CLANG_WARN_BOOL_CONVERSION = YES;
				CLANG_WARN_COMMA = YES;
				CLANG_WARN_CONSTANT_CONVERSION = YES;
				CLANG_WARN_DEPRECATED_OBJC_IMPLEMENTATIONS = YES;
				CLANG_WARN_DIRECT_OBJC_ISA_USAGE = YES_ERROR;
				CLANG_WARN_DOCUMENTATION_COMMENTS = YES;
				CLANG_WARN_EMPTY_BODY = YES;
				CLANG_WARN_ENUM_CONVERSION = YES;
				CLANG_WARN_INFINITE_RECURSION = YES;
				CLANG_WARN_INT_CONVERSION = YES;
				CLANG_WARN_NON_LITERAL_NULL_CONVERSION = YES;
				CLANG_WARN_OBJC_IMPLICIT_RETAIN_SELF = YES;
				CLANG_WARN_OBJC_LITERAL_CONVERSION = YES;
				CLANG_WARN_OBJC_ROOT_CLASS = YES_ERROR;
				CLANG_WARN_RANGE_LOOP_ANALYSIS = YES;
				CLANG_WARN_STRICT_PROTOTYPES = YES;
				CLANG_WARN_SUSPICIOUS_MOVE = YES;
				CLANG_WARN_UNGUARDED_AVAILABILITY = YES_AGGRESSIVE;
				CLANG_WARN_UNREACHABLE_CODE = YES;
				CLANG_WARN__DUPLICATE_METHOD_MATCH = YES;
				COPY_PHASE_STRIP = NO;
				DEBUG_INFORMATION_FORMAT = "dwarf-with-dsym";
				ENABLE_NS_ASSERTIONS = NO;
				ENABLE_STRICT_OBJC_MSGSEND = YES;
				GCC_C_LANGUAGE_STANDARD = gnu11;
				GCC_NO_COMMON_BLOCKS = YES;
				GCC_WARN_64_TO_32_BIT_CONVERSION = YES;
				GCC_WARN_ABOUT_RETURN_TYPE = YES_ERROR;
				GCC_WARN_UNDECLARED_SELECTOR = YES;
				GCC_WARN_UNINITIALIZED_AUTOS = YES_AGGRESSIVE;
				GCC_WARN_UNUSED_FUNCTION = YES;
				GCC_WARN_UNUSED_VARIABLE = YES;
				IPHONEOS_DEPLOYMENT_TARGET = 13.2;
				MTL_ENABLE_DEBUG_INFO = NO;
				MTL_FAST_MATH = YES;
				SDKROOT = iphoneos;
				SWIFT_OPTIMIZATION_LEVEL = "-Owholemodule";
				VALIDATE_PRODUCT = YES;
			};
			name = Release;
		};
		CB1E4531242751C3000B25AB /* Debug */ = {
			isa = XCBuildConfiguration;
			buildSettings = {
				ASSETCATALOG_COMPILER_APPICON_NAME = AppIcon;
				ASSETCATALOG_COMPILER_LAUNCHIMAGE_NAME = "";
				CODE_SIGN_STYLE = Automatic;
				DEVELOPMENT_TEAM = EQW66349BV;
				INFOPLIST_FILE = WYDouYuZB/Info.plist;
				LD_RUNPATH_SEARCH_PATHS = "$(inherited) @executable_path/Frameworks";
				PRODUCT_BUNDLE_IDENTIFIER = com.wangyun.WYDouYuZB;
				PRODUCT_NAME = "$(TARGET_NAME)";
				SWIFT_VERSION = 5.0;
				TARGETED_DEVICE_FAMILY = "1,2";
			};
			name = Debug;
		};
		CB1E4532242751C3000B25AB /* Release */ = {
			isa = XCBuildConfiguration;
			buildSettings = {
				ASSETCATALOG_COMPILER_APPICON_NAME = AppIcon;
				ASSETCATALOG_COMPILER_LAUNCHIMAGE_NAME = "";
				CODE_SIGN_STYLE = Automatic;
				DEVELOPMENT_TEAM = EQW66349BV;
				INFOPLIST_FILE = WYDouYuZB/Info.plist;
				LD_RUNPATH_SEARCH_PATHS = "$(inherited) @executable_path/Frameworks";
				PRODUCT_BUNDLE_IDENTIFIER = com.wangyun.WYDouYuZB;
				PRODUCT_NAME = "$(TARGET_NAME)";
				SWIFT_VERSION = 5.0;
				TARGETED_DEVICE_FAMILY = "1,2";
			};
			name = Release;
		};
/* End XCBuildConfiguration section */

/* Begin XCConfigurationList section */
		CB1E4517242751C2000B25AB /* Build configuration list for PBXProject "WYDouYuZB" */ = {
			isa = XCConfigurationList;
			buildConfigurations = (
				CB1E452E242751C3000B25AB /* Debug */,
				CB1E452F242751C3000B25AB /* Release */,
			);
			defaultConfigurationIsVisible = 0;
			defaultConfigurationName = Release;
		};
		CB1E4530242751C3000B25AB /* Build configuration list for PBXNativeTarget "WYDouYuZB" */ = {
			isa = XCConfigurationList;
			buildConfigurations = (
				CB1E4531242751C3000B25AB /* Debug */,
				CB1E4532242751C3000B25AB /* Release */,
			);
			defaultConfigurationIsVisible = 0;
			defaultConfigurationName = Release;
		};
/* End XCConfigurationList section */
	};
	rootObject = CB1E4514242751C2000B25AB /* Project object */;
}
